// !$*UTF8*$!
{
	archiveVersion = 1;
	classes = {
	};
	objectVersion = 48;
	objects = {

/* Begin PBXBuildFile section */
		A97418B920658CC600484886 /* AppDelegate.swift in Sources */ = {isa = PBXBuildFile; fileRef = A97418B820658CC600484886 /* AppDelegate.swift */; };
		A97418BB20658CC600484886 /* ViewController.swift in Sources */ = {isa = PBXBuildFile; fileRef = A97418BA20658CC600484886 /* ViewController.swift */; };
		A97418BE20658CC600484886 /* Main.storyboard in Resources */ = {isa = PBXBuildFile; fileRef = A97418BC20658CC600484886 /* Main.storyboard */; };
		A97418C020658CC600484886 /* Assets.xcassets in Resources */ = {isa = PBXBuildFile; fileRef = A97418BF20658CC600484886 /* Assets.xcassets */; };
		A97418C320658CC600484886 /* LaunchScreen.storyboard in Resources */ = {isa = PBXBuildFile; fileRef = A97418C120658CC600484886 /* LaunchScreen.storyboard */; };
		A97418C820658CC600484886 /* ShowerTimer WatchKit App.app in Embed Watch Content */ = {isa = PBXBuildFile; fileRef = A97418C720658CC600484886 /* ShowerTimer WatchKit App.app */; };
		A97418CE20658CC600484886 /* Interface.storyboard in Resources */ = {isa = PBXBuildFile; fileRef = A97418CC20658CC600484886 /* Interface.storyboard */; };
		A97418D020658CC600484886 /* Assets.xcassets in Resources */ = {isa = PBXBuildFile; fileRef = A97418CF20658CC600484886 /* Assets.xcassets */; };
		A97418D720658CC700484886 /* ShowerTimer WatchKit Extension.appex in Embed App Extensions */ = {isa = PBXBuildFile; fileRef = A97418D620658CC700484886 /* ShowerTimer WatchKit Extension.appex */; settings = {ATTRIBUTES = (RemoveHeadersOnCopy, ); }; };
		A97418DC20658CC700484886 /* InterfaceController.swift in Sources */ = {isa = PBXBuildFile; fileRef = A97418DB20658CC700484886 /* InterfaceController.swift */; };
		A97418DE20658CC700484886 /* ExtensionDelegate.swift in Sources */ = {isa = PBXBuildFile; fileRef = A97418DD20658CC700484886 /* ExtensionDelegate.swift */; };
		A97418E020658CC700484886 /* Assets.xcassets in Resources */ = {isa = PBXBuildFile; fileRef = A97418DF20658CC700484886 /* Assets.xcassets */; };
/* End PBXBuildFile section */

/* Begin PBXContainerItemProxy section */
		A97418C920658CC600484886 /* PBXContainerItemProxy */ = {
			isa = PBXContainerItemProxy;
			containerPortal = A97418AD20658CC600484886 /* Project object */;
			proxyType = 1;
			remoteGlobalIDString = A97418C620658CC600484886;
			remoteInfo = "ShowerTimer WatchKit App";
		};
		A97418D820658CC700484886 /* PBXContainerItemProxy */ = {
			isa = PBXContainerItemProxy;
			containerPortal = A97418AD20658CC600484886 /* Project object */;
			proxyType = 1;
			remoteGlobalIDString = A97418D520658CC700484886;
			remoteInfo = "ShowerTimer WatchKit Extension";
		};
/* End PBXContainerItemProxy section */

/* Begin PBXCopyFilesBuildPhase section */
		A97418E720658CC700484886 /* Embed App Extensions */ = {
			isa = PBXCopyFilesBuildPhase;
			buildActionMask = 2147483647;
			dstPath = "";
			dstSubfolderSpec = 13;
			files = (
				A97418D720658CC700484886 /* ShowerTimer WatchKit Extension.appex in Embed App Extensions */,
			);
			name = "Embed App Extensions";
			runOnlyForDeploymentPostprocessing = 0;
		};
		A97418EB20658CC700484886 /* Embed Watch Content */ = {
			isa = PBXCopyFilesBuildPhase;
			buildActionMask = 2147483647;
			dstPath = "$(CONTENTS_FOLDER_PATH)/Watch";
			dstSubfolderSpec = 16;
			files = (
				A97418C820658CC600484886 /* ShowerTimer WatchKit App.app in Embed Watch Content */,
			);
			name = "Embed Watch Content";
			runOnlyForDeploymentPostprocessing = 0;
		};
/* End PBXCopyFilesBuildPhase section */

/* Begin PBXFileReference section */
		A97418B520658CC600484886 /* ShowerTimer.app */ = {isa = PBXFileReference; explicitFileType = wrapper.application; includeInIndex = 0; path = ShowerTimer.app; sourceTree = BUILT_PRODUCTS_DIR; };
		A97418B820658CC600484886 /* AppDelegate.swift */ = {isa = PBXFileReference; lastKnownFileType = sourcecode.swift; path = AppDelegate.swift; sourceTree = "<group>"; };
		A97418BA20658CC600484886 /* ViewController.swift */ = {isa = PBXFileReference; lastKnownFileType = sourcecode.swift; path = ViewController.swift; sourceTree = "<group>"; };
		A97418BD20658CC600484886 /* Base */ = {isa = PBXFileReference; lastKnownFileType = file.storyboard; name = Base; path = Base.lproj/Main.storyboard; sourceTree = "<group>"; };
		A97418BF20658CC600484886 /* Assets.xcassets */ = {isa = PBXFileReference; lastKnownFileType = folder.assetcatalog; path = Assets.xcassets; sourceTree = "<group>"; };
		A97418C220658CC600484886 /* Base */ = {isa = PBXFileReference; lastKnownFileType = file.storyboard; name = Base; path = Base.lproj/LaunchScreen.storyboard; sourceTree = "<group>"; };
		A97418C420658CC600484886 /* Info.plist */ = {isa = PBXFileReference; lastKnownFileType = text.plist.xml; path = Info.plist; sourceTree = "<group>"; };
		A97418C720658CC600484886 /* ShowerTimer WatchKit App.app */ = {isa = PBXFileReference; explicitFileType = wrapper.application; includeInIndex = 0; path = "ShowerTimer WatchKit App.app"; sourceTree = BUILT_PRODUCTS_DIR; };
		A97418CD20658CC600484886 /* Base */ = {isa = PBXFileReference; lastKnownFileType = file.storyboard; name = Base; path = Base.lproj/Interface.storyboard; sourceTree = "<group>"; };
		A97418CF20658CC600484886 /* Assets.xcassets */ = {isa = PBXFileReference; lastKnownFileType = folder.assetcatalog; path = Assets.xcassets; sourceTree = "<group>"; };
		A97418D120658CC600484886 /* Info.plist */ = {isa = PBXFileReference; lastKnownFileType = text.plist.xml; path = Info.plist; sourceTree = "<group>"; };
		A97418D620658CC700484886 /* ShowerTimer WatchKit Extension.appex */ = {isa = PBXFileReference; explicitFileType = "wrapper.app-extension"; includeInIndex = 0; path = "ShowerTimer WatchKit Extension.appex"; sourceTree = BUILT_PRODUCTS_DIR; };
		A97418DB20658CC700484886 /* InterfaceController.swift */ = {isa = PBXFileReference; lastKnownFileType = sourcecode.swift; path = InterfaceController.swift; sourceTree = "<group>"; };
		A97418DD20658CC700484886 /* ExtensionDelegate.swift */ = {isa = PBXFileReference; lastKnownFileType = sourcecode.swift; path = ExtensionDelegate.swift; sourceTree = "<group>"; };
		A97418DF20658CC700484886 /* Assets.xcassets */ = {isa = PBXFileReference; lastKnownFileType = folder.assetcatalog; path = Assets.xcassets; sourceTree = "<group>"; };
		A97418E120658CC700484886 /* Info.plist */ = {isa = PBXFileReference; lastKnownFileType = text.plist.xml; path = Info.plist; sourceTree = "<group>"; };
/* End PBXFileReference section */

/* Begin PBXFrameworksBuildPhase section */
		A97418B220658CC600484886 /* Frameworks */ = {
			isa = PBXFrameworksBuildPhase;
			buildActionMask = 2147483647;
			files = (
			);
			runOnlyForDeploymentPostprocessing = 0;
		};
		A97418D320658CC700484886 /* Frameworks */ = {
			isa = PBXFrameworksBuildPhase;
			buildActionMask = 2147483647;
			files = (
			);
			runOnlyForDeploymentPostprocessing = 0;
		};
/* End PBXFrameworksBuildPhase section */

/* Begin PBXGroup section */
		A97418AC20658CC600484886 = {
			isa = PBXGroup;
			children = (
				A97418B720658CC600484886 /* ShowerTimer */,
				A97418CB20658CC600484886 /* ShowerTimer WatchKit App */,
				A97418DA20658CC700484886 /* ShowerTimer WatchKit Extension */,
				A97418B620658CC600484886 /* Products */,
			);
			sourceTree = "<group>";
		};
		A97418B620658CC600484886 /* Products */ = {
			isa = PBXGroup;
			children = (
				A97418B520658CC600484886 /* ShowerTimer.app */,
				A97418C720658CC600484886 /* ShowerTimer WatchKit App.app */,
				A97418D620658CC700484886 /* ShowerTimer WatchKit Extension.appex */,
			);
			name = Products;
			sourceTree = "<group>";
		};
		A97418B720658CC600484886 /* ShowerTimer */ = {
			isa = PBXGroup;
			children = (
				A97418B820658CC600484886 /* AppDelegate.swift */,
				A97418BA20658CC600484886 /* ViewController.swift */,
				A97418BC20658CC600484886 /* Main.storyboard */,
				A97418BF20658CC600484886 /* Assets.xcassets */,
				A97418C120658CC600484886 /* LaunchScreen.storyboard */,
				A97418C420658CC600484886 /* Info.plist */,
			);
			path = ShowerTimer;
			sourceTree = "<group>";
		};
		A97418CB20658CC600484886 /* ShowerTimer WatchKit App */ = {
			isa = PBXGroup;
			children = (
				A97418CC20658CC600484886 /* Interface.storyboard */,
				A97418CF20658CC600484886 /* Assets.xcassets */,
				A97418D120658CC600484886 /* Info.plist */,
			);
			path = "ShowerTimer WatchKit App";
			sourceTree = "<group>";
		};
		A97418DA20658CC700484886 /* ShowerTimer WatchKit Extension */ = {
			isa = PBXGroup;
			children = (
				A97418DB20658CC700484886 /* InterfaceController.swift */,
				A97418DD20658CC700484886 /* ExtensionDelegate.swift */,
				A97418DF20658CC700484886 /* Assets.xcassets */,
				A97418E120658CC700484886 /* Info.plist */,
			);
			path = "ShowerTimer WatchKit Extension";
			sourceTree = "<group>";
		};
/* End PBXGroup section */

/* Begin PBXNativeTarget section */
		A97418B420658CC600484886 /* ShowerTimer */ = {
			isa = PBXNativeTarget;
			buildConfigurationList = A97418EC20658CC700484886 /* Build configuration list for PBXNativeTarget "ShowerTimer" */;
			buildPhases = (
				A97418B120658CC600484886 /* Sources */,
				A97418B220658CC600484886 /* Frameworks */,
				A97418B320658CC600484886 /* Resources */,
				A97418EB20658CC700484886 /* Embed Watch Content */,
			);
			buildRules = (
			);
			dependencies = (
				A97418CA20658CC600484886 /* PBXTargetDependency */,
			);
			name = ShowerTimer;
			productName = ShowerTimer;
			productReference = A97418B520658CC600484886 /* ShowerTimer.app */;
			productType = "com.apple.product-type.application";
		};
		A97418C620658CC600484886 /* ShowerTimer WatchKit App */ = {
			isa = PBXNativeTarget;
			buildConfigurationList = A97418E820658CC700484886 /* Build configuration list for PBXNativeTarget "ShowerTimer WatchKit App" */;
			buildPhases = (
				A97418C520658CC600484886 /* Resources */,
				A97418E720658CC700484886 /* Embed App Extensions */,
			);
			buildRules = (
			);
			dependencies = (
				A97418D920658CC700484886 /* PBXTargetDependency */,
			);
			name = "ShowerTimer WatchKit App";
			productName = "ShowerTimer WatchKit App";
			productReference = A97418C720658CC600484886 /* ShowerTimer WatchKit App.app */;
			productType = "com.apple.product-type.application.watchapp2";
		};
		A97418D520658CC700484886 /* ShowerTimer WatchKit Extension */ = {
			isa = PBXNativeTarget;
			buildConfigurationList = A97418E420658CC700484886 /* Build configuration list for PBXNativeTarget "ShowerTimer WatchKit Extension" */;
			buildPhases = (
				A97418D220658CC700484886 /* Sources */,
				A97418D320658CC700484886 /* Frameworks */,
				A97418D420658CC700484886 /* Resources */,
			);
			buildRules = (
			);
			dependencies = (
			);
			name = "ShowerTimer WatchKit Extension";
			productName = "ShowerTimer WatchKit Extension";
			productReference = A97418D620658CC700484886 /* ShowerTimer WatchKit Extension.appex */;
			productType = "com.apple.product-type.watchkit2-extension";
		};
/* End PBXNativeTarget section */

/* Begin PBXProject section */
		A97418AD20658CC600484886 /* Project object */ = {
			isa = PBXProject;
			attributes = {
				LastSwiftUpdateCheck = 0920;
				LastUpgradeCheck = 0920;
				ORGANIZATIONNAME = "William Hettinger";
				TargetAttributes = {
					A97418B420658CC600484886 = {
						CreatedOnToolsVersion = 9.2;
						ProvisioningStyle = Automatic;
					};
					A97418C620658CC600484886 = {
						CreatedOnToolsVersion = 9.2;
						ProvisioningStyle = Automatic;
					};
					A97418D520658CC700484886 = {
						CreatedOnToolsVersion = 9.2;
						ProvisioningStyle = Automatic;
					};
				};
			};
			buildConfigurationList = A97418B020658CC600484886 /* Build configuration list for PBXProject "ShowerTimer" */;
			compatibilityVersion = "Xcode 8.0";
			developmentRegion = en;
			hasScannedForEncodings = 0;
			knownRegions = (
				en,
				Base,
			);
			mainGroup = A97418AC20658CC600484886;
			productRefGroup = A97418B620658CC600484886 /* Products */;
			projectDirPath = "";
			projectRoot = "";
			targets = (
				A97418B420658CC600484886 /* ShowerTimer */,
				A97418C620658CC600484886 /* ShowerTimer WatchKit App */,
				A97418D520658CC700484886 /* ShowerTimer WatchKit Extension */,
			);
		};
/* End PBXProject section */

/* Begin PBXResourcesBuildPhase section */
		A97418B320658CC600484886 /* Resources */ = {
			isa = PBXResourcesBuildPhase;
			buildActionMask = 2147483647;
			files = (
				A97418C320658CC600484886 /* LaunchScreen.storyboard in Resources */,
				A97418C020658CC600484886 /* Assets.xcassets in Resources */,
				A97418BE20658CC600484886 /* Main.storyboard in Resources */,
			);
			runOnlyForDeploymentPostprocessing = 0;
		};
		A97418C520658CC600484886 /* Resources */ = {
			isa = PBXResourcesBuildPhase;
			buildActionMask = 2147483647;
			files = (
				A97418D020658CC600484886 /* Assets.xcassets in Resources */,
				A97418CE20658CC600484886 /* Interface.storyboard in Resources */,
			);
			runOnlyForDeploymentPostprocessing = 0;
		};
		A97418D420658CC700484886 /* Resources */ = {
			isa = PBXResourcesBuildPhase;
			buildActionMask = 2147483647;
			files = (
				A97418E020658CC700484886 /* Assets.xcassets in Resources */,
			);
			runOnlyForDeploymentPostprocessing = 0;
		};
/* End PBXResourcesBuildPhase section */

/* Begin PBXSourcesBuildPhase section */
		A97418B120658CC600484886 /* Sources */ = {
			isa = PBXSourcesBuildPhase;
			buildActionMask = 2147483647;
			files = (
				A97418BB20658CC600484886 /* ViewController.swift in Sources */,
				A97418B920658CC600484886 /* AppDelegate.swift in Sources */,
			);
			runOnlyForDeploymentPostprocessing = 0;
		};
		A97418D220658CC700484886 /* Sources */ = {
			isa = PBXSourcesBuildPhase;
			buildActionMask = 2147483647;
			files = (
				A97418DE20658CC700484886 /* ExtensionDelegate.swift in Sources */,
				A97418DC20658CC700484886 /* InterfaceController.swift in Sources */,
			);
			runOnlyForDeploymentPostprocessing = 0;
		};
/* End PBXSourcesBuildPhase section */

/* Begin PBXTargetDependency section */
		A97418CA20658CC600484886 /* PBXTargetDependency */ = {
			isa = PBXTargetDependency;
			target = A97418C620658CC600484886 /* ShowerTimer WatchKit App */;
			targetProxy = A97418C920658CC600484886 /* PBXContainerItemProxy */;
		};
		A97418D920658CC700484886 /* PBXTargetDependency */ = {
			isa = PBXTargetDependency;
			target = A97418D520658CC700484886 /* ShowerTimer WatchKit Extension */;
			targetProxy = A97418D820658CC700484886 /* PBXContainerItemProxy */;
		};
/* End PBXTargetDependency section */

/* Begin PBXVariantGroup section */
		A97418BC20658CC600484886 /* Main.storyboard */ = {
			isa = PBXVariantGroup;
			children = (
				A97418BD20658CC600484886 /* Base */,
			);
			name = Main.storyboard;
			sourceTree = "<group>";
		};
		A97418C120658CC600484886 /* LaunchScreen.storyboard */ = {
			isa = PBXVariantGroup;
			children = (
				A97418C220658CC600484886 /* Base */,
			);
			name = LaunchScreen.storyboard;
			sourceTree = "<group>";
		};
		A97418CC20658CC600484886 /* Interface.storyboard */ = {
			isa = PBXVariantGroup;
			children = (
				A97418CD20658CC600484886 /* Base */,
			);
			name = Interface.storyboard;
			sourceTree = "<group>";
		};
/* End PBXVariantGroup section */

/* Begin XCBuildConfiguration section */
		A97418E220658CC700484886 /* Debug */ = {
			isa = XCBuildConfiguration;
			buildSettings = {
				ALWAYS_SEARCH_USER_PATHS = NO;
				CLANG_ANALYZER_NONNULL = YES;
				CLANG_ANALYZER_NUMBER_OBJECT_CONVERSION = YES_AGGRESSIVE;
				CLANG_CXX_LANGUAGE_STANDARD = "gnu++14";
				CLANG_CXX_LIBRARY = "libc++";
				CLANG_ENABLE_MODULES = YES;
				CLANG_ENABLE_OBJC_ARC = YES;
				CLANG_WARN_BLOCK_CAPTURE_AUTORELEASING = YES;
				CLANG_WARN_BOOL_CONVERSION = YES;
				CLANG_WARN_COMMA = YES;
				CLANG_WARN_CONSTANT_CONVERSION = YES;
				CLANG_WARN_DIRECT_OBJC_ISA_USAGE = YES_ERROR;
				CLANG_WARN_DOCUMENTATION_COMMENTS = YES;
				CLANG_WARN_EMPTY_BODY = YES;
				CLANG_WARN_ENUM_CONVERSION = YES;
				CLANG_WARN_INFINITE_RECURSION = YES;
				CLANG_WARN_INT_CONVERSION = YES;
				CLANG_WARN_NON_LITERAL_NULL_CONVERSION = YES;
				CLANG_WARN_OBJC_LITERAL_CONVERSION = YES;
				CLANG_WARN_OBJC_ROOT_CLASS = YES_ERROR;
				CLANG_WARN_RANGE_LOOP_ANALYSIS = YES;
				CLANG_WARN_STRICT_PROTOTYPES = YES;
				CLANG_WARN_SUSPICIOUS_MOVE = YES;
				CLANG_WARN_UNGUARDED_AVAILABILITY = YES_AGGRESSIVE;
				CLANG_WARN_UNREACHABLE_CODE = YES;
				CLANG_WARN__DUPLICATE_METHOD_MATCH = YES;
				CODE_SIGN_IDENTITY = "iPhone Developer";
				COPY_PHASE_STRIP = NO;
				DEBUG_INFORMATION_FORMAT = dwarf;
				ENABLE_STRICT_OBJC_MSGSEND = YES;
				ENABLE_TESTABILITY = YES;
				GCC_C_LANGUAGE_STANDARD = gnu11;
				GCC_DYNAMIC_NO_PIC = NO;
				GCC_NO_COMMON_BLOCKS = YES;
				GCC_OPTIMIZATION_LEVEL = 0;
				GCC_PREPROCESSOR_DEFINITIONS = (
					"DEBUG=1",
					"$(inherited)",
				);
				GCC_WARN_64_TO_32_BIT_CONVERSION = YES;
				GCC_WARN_ABOUT_RETURN_TYPE = YES_ERROR;
				GCC_WARN_UNDECLARED_SELECTOR = YES;
				GCC_WARN_UNINITIALIZED_AUTOS = YES_AGGRESSIVE;
				GCC_WARN_UNUSED_FUNCTION = YES;
				GCC_WARN_UNUSED_VARIABLE = YES;
				IPHONEOS_DEPLOYMENT_TARGET = 11.2;
				MTL_ENABLE_DEBUG_INFO = YES;
				ONLY_ACTIVE_ARCH = YES;
				SDKROOT = iphoneos;
				SWIFT_ACTIVE_COMPILATION_CONDITIONS = DEBUG;
				SWIFT_OPTIMIZATION_LEVEL = "-Onone";
			};
			name = Debug;
		};
		A97418E320658CC700484886 /* Release */ = {
			isa = XCBuildConfiguration;
			buildSettings = {
				ALWAYS_SEARCH_USER_PATHS = NO;
				CLANG_ANALYZER_NONNULL = YES;
				CLANG_ANALYZER_NUMBER_OBJECT_CONVERSION = YES_AGGRESSIVE;
				CLANG_CXX_LANGUAGE_STANDARD = "gnu++14";
				CLANG_CXX_LIBRARY = "libc++";
				CLANG_ENABLE_MODULES = YES;
				CLANG_ENABLE_OBJC_ARC = YES;
				CLANG_WARN_BLOCK_CAPTURE_AUTORELEASING = YES;
				CLANG_WARN_BOOL_CONVERSION = YES;
				CLANG_WARN_COMMA = YES;
				CLANG_WARN_CONSTANT_CONVERSION = YES;
				CLANG_WARN_DIRECT_OBJC_ISA_USAGE = YES_ERROR;
				CLANG_WARN_DOCUMENTATION_COMMENTS = YES;
				CLANG_WARN_EMPTY_BODY = YES;
				CLANG_WARN_ENUM_CONVERSION = YES;
				CLANG_WARN_INFINITE_RECURSION = YES;
				CLANG_WARN_INT_CONVERSION = YES;
				CLANG_WARN_NON_LITERAL_NULL_CONVERSION = YES;
				CLANG_WARN_OBJC_LITERAL_CONVERSION = YES;
				CLANG_WARN_OBJC_ROOT_CLASS = YES_ERROR;
				CLANG_WARN_RANGE_LOOP_ANALYSIS = YES;
				CLANG_WARN_STRICT_PROTOTYPES = YES;
				CLANG_WARN_SUSPICIOUS_MOVE = YES;
				CLANG_WARN_UNGUARDED_AVAILABILITY = YES_AGGRESSIVE;
				CLANG_WARN_UNREACHABLE_CODE = YES;
				CLANG_WARN__DUPLICATE_METHOD_MATCH = YES;
				CODE_SIGN_IDENTITY = "iPhone Developer";
				COPY_PHASE_STRIP = NO;
				DEBUG_INFORMATION_FORMAT = "dwarf-with-dsym";
				ENABLE_NS_ASSERTIONS = NO;
				ENABLE_STRICT_OBJC_MSGSEND = YES;
				GCC_C_LANGUAGE_STANDARD = gnu11;
				GCC_NO_COMMON_BLOCKS = YES;
				GCC_WARN_64_TO_32_BIT_CONVERSION = YES;
				GCC_WARN_ABOUT_RETURN_TYPE = YES_ERROR;
				GCC_WARN_UNDECLARED_SELECTOR = YES;
				GCC_WARN_UNINITIALIZED_AUTOS = YES_AGGRESSIVE;
				GCC_WARN_UNUSED_FUNCTION = YES;
				GCC_WARN_UNUSED_VARIABLE = YES;
				IPHONEOS_DEPLOYMENT_TARGET = 11.2;
				MTL_ENABLE_DEBUG_INFO = NO;
				SDKROOT = iphoneos;
				SWIFT_OPTIMIZATION_LEVEL = "-Owholemodule";
				VALIDATE_PRODUCT = YES;
			};
			name = Release;
		};
		A97418E520658CC700484886 /* Debug */ = {
			isa = XCBuildConfiguration;
			buildSettings = {
				ASSETCATALOG_COMPILER_COMPLICATION_NAME = Complication;
				CODE_SIGN_STYLE = Automatic;
				DEVELOPMENT_TEAM = 6G8U3S3YV7;
				INFOPLIST_FILE = "ShowerTimer WatchKit Extension/Info.plist";
				LD_RUNPATH_SEARCH_PATHS = "$(inherited) @executable_path/Frameworks @executable_path/../../Frameworks";
				PRODUCT_BUNDLE_IDENTIFIER = com.williamhettinger.ShowerTimer.watchkitapp.watchkitextension;
				PRODUCT_NAME = "${TARGET_NAME}";
				SDKROOT = watchos;
				SKIP_INSTALL = YES;
				SWIFT_VERSION = 4.0;
				TARGETED_DEVICE_FAMILY = 4;
				WATCHOS_DEPLOYMENT_TARGET = 4.2;
			};
			name = Debug;
		};
		A97418E620658CC700484886 /* Release */ = {
			isa = XCBuildConfiguration;
			buildSettings = {
				ASSETCATALOG_COMPILER_COMPLICATION_NAME = Complication;
				CODE_SIGN_STYLE = Automatic;
				DEVELOPMENT_TEAM = 6G8U3S3YV7;
				INFOPLIST_FILE = "ShowerTimer WatchKit Extension/Info.plist";
				LD_RUNPATH_SEARCH_PATHS = "$(inherited) @executable_path/Frameworks @executable_path/../../Frameworks";
				PRODUCT_BUNDLE_IDENTIFIER = com.williamhettinger.ShowerTimer.watchkitapp.watchkitextension;
				PRODUCT_NAME = "${TARGET_NAME}";
				SDKROOT = watchos;
				SKIP_INSTALL = YES;
				SWIFT_VERSION = 4.0;
				TARGETED_DEVICE_FAMILY = 4;
				WATCHOS_DEPLOYMENT_TARGET = 4.2;
			};
			name = Release;
		};
		A97418E920658CC700484886 /* Debug */ = {
			isa = XCBuildConfiguration;
			buildSettings = {
				ALWAYS_EMBED_SWIFT_STANDARD_LIBRARIES = YES;
				ASSETCATALOG_COMPILER_APPICON_NAME = AppIcon;
				CODE_SIGN_STYLE = Automatic;
				DEVELOPMENT_TEAM = 6G8U3S3YV7;
				IBSC_MODULE = ShowerTimer_WatchKit_Extension;
				INFOPLIST_FILE = "ShowerTimer WatchKit App/Info.plist";
				PRODUCT_BUNDLE_IDENTIFIER = com.williamhettinger.ShowerTimer.watchkitapp;
				PRODUCT_NAME = "$(TARGET_NAME)";
				SDKROOT = watchos;
				SKIP_INSTALL = YES;
				SWIFT_VERSION = 4.0;
				TARGETED_DEVICE_FAMILY = 4;
				WATCHOS_DEPLOYMENT_TARGET = 4.2;
			};
			name = Debug;
		};
		A97418EA20658CC700484886 /* Release */ = {
			isa = XCBuildConfiguration;
			buildSettings = {
				ALWAYS_EMBED_SWIFT_STANDARD_LIBRARIES = YES;
				ASSETCATALOG_COMPILER_APPICON_NAME = AppIcon;
				CODE_SIGN_STYLE = Automatic;
				DEVELOPMENT_TEAM = 6G8U3S3YV7;
				IBSC_MODULE = ShowerTimer_WatchKit_Extension;
				INFOPLIST_FILE = "ShowerTimer WatchKit App/Info.plist";
				PRODUCT_BUNDLE_IDENTIFIER = com.williamhettinger.ShowerTimer.watchkitapp;
				PRODUCT_NAME = "$(TARGET_NAME)";
				SDKROOT = watchos;
				SKIP_INSTALL = YES;
				SWIFT_VERSION = 4.0;
				TARGETED_DEVICE_FAMILY = 4;
				WATCHOS_DEPLOYMENT_TARGET = 4.2;
			};
			name = Release;
		};
		A97418ED20658CC700484886 /* Debug */ = {
			isa = XCBuildConfiguration;
			buildSettings = {
				ASSETCATALOG_COMPILER_APPICON_NAME = AppIcon;
				CODE_SIGN_STYLE = Automatic;
				DEVELOPMENT_TEAM = 6G8U3S3YV7;
				INFOPLIST_FILE = ShowerTimer/Info.plist;
				LD_RUNPATH_SEARCH_PATHS = "$(inherited) @executable_path/Frameworks";
				PRODUCT_BUNDLE_IDENTIFIER = com.williamhettinger.ShowerTimer;
				PRODUCT_NAME = "$(TARGET_NAME)";
				SWIFT_VERSION = 4.0;
				TARGETED_DEVICE_FAMILY = "1,2";
			};
			name = Debug;
		};
		A97418EE20658CC700484886 /* Release */ = {
			isa = XCBuildConfiguration;
			buildSettings = {
				ASSETCATALOG_COMPILER_APPICON_NAME = AppIcon;
				CODE_SIGN_STYLE = Automatic;
				DEVELOPMENT_TEAM = 6G8U3S3YV7;
				INFOPLIST_FILE = ShowerTimer/Info.plist;
				LD_RUNPATH_SEARCH_PATHS = "$(inherited) @executable_path/Frameworks";
				PRODUCT_BUNDLE_IDENTIFIER = com.williamhettinger.ShowerTimer;
				PRODUCT_NAME = "$(TARGET_NAME)";
				SWIFT_VERSION = 4.0;
				TARGETED_DEVICE_FAMILY = "1,2";
			};
			name = Release;
		};
/* End XCBuildConfiguration section */

/* Begin XCConfigurationList section */
		A97418B020658CC600484886 /* Build configuration list for PBXProject "ShowerTimer" */ = {
			isa = XCConfigurationList;
			buildConfigurations = (
				A97418E220658CC700484886 /* Debug */,
				A97418E320658CC700484886 /* Release */,
			);
			defaultConfigurationIsVisible = 0;
			defaultConfigurationName = Release;
		};
		A97418E420658CC700484886 /* Build configuration list for PBXNativeTarget "ShowerTimer WatchKit Extension" */ = {
			isa = XCConfigurationList;
			buildConfigurations = (
				A97418E520658CC700484886 /* Debug */,
				A97418E620658CC700484886 /* Release */,
			);
			defaultConfigurationIsVisible = 0;
			defaultConfigurationName = Release;
		};
		A97418E820658CC700484886 /* Build configuration list for PBXNativeTarget "ShowerTimer WatchKit App" */ = {
			isa = XCConfigurationList;
			buildConfigurations = (
				A97418E920658CC700484886 /* Debug */,
				A97418EA20658CC700484886 /* Release */,
			);
			defaultConfigurationIsVisible = 0;
			defaultConfigurationName = Release;
		};
		A97418EC20658CC700484886 /* Build configuration list for PBXNativeTarget "ShowerTimer" */ = {
			isa = XCConfigurationList;
			buildConfigurations = (
				A97418ED20658CC700484886 /* Debug */,
				A97418EE20658CC700484886 /* Release */,
			);
			defaultConfigurationIsVisible = 0;
			defaultConfigurationName = Release;
		};
/* End XCConfigurationList section */
	};
	rootObject = A97418AD20658CC600484886 /* Project object */;
}
